// !$*UTF8*$!
{
	archiveVersion = 1;
	classes = {
	};
	objectVersion = 77;
	objects = {

/* Begin PBXBuildFile section */
		2952FF522DF4ACB000DADF02 /* AlignmentGuidesBootcamp.swift in Sources */ = {isa = PBXBuildFile; fileRef = 2952FF512DF4ACB000DADF02 /* AlignmentGuidesBootcamp.swift */; };
		29AB1C692DEB305600719708 /* AccessibilityColorsBootcamp.swift in Sources */ = {isa = PBXBuildFile; fileRef = 29AB1C682DEB305600719708 /* AccessibilityColorsBootcamp.swift */; };
		29AB1C6B2DEB3AA800719708 /* AccessibilityVoiceOverBootcamp.swift in Sources */ = {isa = PBXBuildFile; fileRef = 29AB1C6A2DEB3AA800719708 /* AccessibilityVoiceOverBootcamp.swift */; };
		29AF328B2DE210C6003CEE64 /* Preview Assets.xcassets in Resources */ = {isa = PBXBuildFile; fileRef = 29AF326C2DE210C6003CEE64 /* Preview Assets.xcassets */; };
		29AF328C2DE210C6003CEE64 /* badum.mp3 in Resources */ = {isa = PBXBuildFile; fileRef = 29AF326E2DE210C6003CEE64 /* badum.mp3 */; };
		29AF328D2DE210C6003CEE64 /* tada.mp3 in Resources */ = {isa = PBXBuildFile; fileRef = 29AF326F2DE210C6003CEE64 /* tada.mp3 */; };
		29AF328E2DE210C6003CEE64 /* Assets.xcassets in Resources */ = {isa = PBXBuildFile; fileRef = 29AF32712DE210C6003CEE64 /* Assets.xcassets */; };
		29AF328F2DE210C6003CEE64 /* TypealiasBootcamp.swift in Sources */ = {isa = PBXBuildFile; fileRef = 29AF32862DE210C6003CEE64 /* TypealiasBootcamp.swift */; };
		29AF32902DE210C6003CEE64 /* WeakSelfBootcamp.swift in Sources */ = {isa = PBXBuildFile; fileRef = 29AF32872DE210C6003CEE64 /* WeakSelfBootcamp.swift */; };
		29AF32912DE210C6003CEE64 /* SoundsBootcamp.swift in Sources */ = {isa = PBXBuildFile; fileRef = 29AF32832DE210C6003CEE64 /* SoundsBootcamp.swift */; };
		29AF32922DE210C6003CEE64 /* CoreDataContainer.xcdatamodeld in Sources */ = {isa = PBXBuildFile; fileRef = 29AF32772DE210C6003CEE64 /* CoreDataContainer.xcdatamodeld */; };
		29AF32932DE210C6003CEE64 /* CoreDataBootcamp.swift in Sources */ = {isa = PBXBuildFile; fileRef = 29AF32762DE210C6003CEE64 /* CoreDataBootcamp.swift */; };
		29AF32942DE210C6003CEE64 /* NSCacheBootcamp.swift in Sources */ = {isa = PBXBuildFile; fileRef = 29AF32822DE210C6003CEE64 /* NSCacheBootcamp.swift */; };
		29AF32952DE210C6003CEE64 /* HapticsBootcamp.swift in Sources */ = {isa = PBXBuildFile; fileRef = 29AF327D2DE210C6003CEE64 /* HapticsBootcamp.swift */; };
		29AF32962DE210C6003CEE64 /* EscapingBootcamp.swift in Sources */ = {isa = PBXBuildFile; fileRef = 29AF32792DE210C6003CEE64 /* EscapingBootcamp.swift */; };
		29AF32972DE210C6003CEE64 /* ContentView.swift in Sources */ = {isa = PBXBuildFile; fileRef = 29AF32752DE210C6003CEE64 /* ContentView.swift */; };
		29AF32982DE210C6003CEE64 /* CombineDownload.swift in Sources */ = {isa = PBXBuildFile; fileRef = 29AF32742DE210C6003CEE64 /* CombineDownload.swift */; };
		29AF32992DE210C6003CEE64 /* FruitsContainer.xcdatamodeld in Sources */ = {isa = PBXBuildFile; fileRef = 29AF327C2DE210C6003CEE64 /* FruitsContainer.xcdatamodeld */; };
		29AF329A2DE210C6003CEE64 /* CoreDataRelationshipsBootcamp.swift in Sources */ = {isa = PBXBuildFile; fileRef = 29AF32782DE210C6003CEE64 /* CoreDataRelationshipsBootcamp.swift */; };
		29AF329B2DE210C6003CEE64 /* TimerBootcamp.swift in Sources */ = {isa = PBXBuildFile; fileRef = 29AF32842DE210C6003CEE64 /* TimerBootcamp.swift */; };
		29AF329C2DE210C6003CEE64 /* TimerFromVMSubscriberBootcamp.swift in Sources */ = {isa = PBXBuildFile; fileRef = 29AF32852DE210C6003CEE64 /* TimerFromVMSubscriberBootcamp.swift */; };
		29AF329D2DE210C6003CEE64 /* FileManagerBootcamp.swift in Sources */ = {isa = PBXBuildFile; fileRef = 29AF327B2DE210C6003CEE64 /* FileManagerBootcamp.swift */; };
		29AF329E2DE210C6003CEE64 /* CodableBootcamp.swift in Sources */ = {isa = PBXBuildFile; fileRef = 29AF32732DE210C6003CEE64 /* CodableBootcamp.swift */; };
		29AF329F2DE210C6003CEE64 /* HashableBootcamp.swift in Sources */ = {isa = PBXBuildFile; fileRef = 29AF327E2DE210C6003CEE64 /* HashableBootcamp.swift */; };
		29AF32A02DE210C6003CEE64 /* IntermediateSwiftUIBootcampApp.swift in Sources */ = {isa = PBXBuildFile; fileRef = 29AF327F2DE210C6003CEE64 /* IntermediateSwiftUIBootcampApp.swift */; };
		29AF32A12DE210C6003CEE64 /* LocalNotificationsBootcamp.swift in Sources */ = {isa = PBXBuildFile; fileRef = 29AF32802DE210C6003CEE64 /* LocalNotificationsBootcamp.swift */; };
		29AF32A22DE210C6003CEE64 /* BackgroundThreadBootcamp.swift in Sources */ = {isa = PBXBuildFile; fileRef = 29AF32722DE210C6003CEE64 /* BackgroundThreadBootcamp.swift */; };
		29AF32A32DE210C6003CEE64 /* EscapingDownloadBootcamp.swift in Sources */ = {isa = PBXBuildFile; fileRef = 29AF327A2DE210C6003CEE64 /* EscapingDownloadBootcamp.swift */; };
		29AF32A42DE210C6003CEE64 /* MapFilterSortBootcamp.swift in Sources */ = {isa = PBXBuildFile; fileRef = 29AF32812DE210C6003CEE64 /* MapFilterSortBootcamp.swift */; };
		29AF32AB2DE2117E003CEE64 /* DownloadingImagesBootcamp.swift in Sources */ = {isa = PBXBuildFile; fileRef = 29AF32AA2DE2117E003CEE64 /* DownloadingImagesBootcamp.swift */; };
		29AF32AD2DE212B6003CEE64 /* ImageModel.swift in Sources */ = {isa = PBXBuildFile; fileRef = 29AF32AC2DE212B6003CEE64 /* ImageModel.swift */; };
		29AF32AF2DE21387003CEE64 /* DownloadingImagesViewModel.swift in Sources */ = {isa = PBXBuildFile; fileRef = 29AF32AE2DE21387003CEE64 /* DownloadingImagesViewModel.swift */; };
		29AF32B12DE214BE003CEE64 /* ImageModelDataService.swift in Sources */ = {isa = PBXBuildFile; fileRef = 29AF32B02DE214BE003CEE64 /* ImageModelDataService.swift */; };
		29D5138C2DE5E2AB002C50B3 /* ImageModelCacheManager.swift in Sources */ = {isa = PBXBuildFile; fileRef = 29D5138B2DE5E2AB002C50B3 /* ImageModelCacheManager.swift */; };
		29D5138E2DE5E623002C50B3 /* ImageModelFileManager.swift in Sources */ = {isa = PBXBuildFile; fileRef = 29D5138D2DE5E623002C50B3 /* ImageModelFileManager.swift */; };
		29D513912DE6114E002C50B3 /* AccessibilityTextBootcamp.swift in Sources */ = {isa = PBXBuildFile; fileRef = 29D513902DE6114E002C50B3 /* AccessibilityTextBootcamp.swift */; };
		29E55BCF2DE4C20A001C17BE /* DownloadingImagesRow.swift in Sources */ = {isa = PBXBuildFile; fileRef = 29E55BCE2DE4C20A001C17BE /* DownloadingImagesRow.swift */; };
		29E55BD12DE4C2F0001C17BE /* DownloadingImageView.swift in Sources */ = {isa = PBXBuildFile; fileRef = 29E55BD02DE4C2F0001C17BE /* DownloadingImageView.swift */; };
		29E55BD32DE4C40B001C17BE /* DownloadingImageViewModel.swift in Sources */ = {isa = PBXBuildFile; fileRef = 29E55BD22DE4C40B001C17BE /* DownloadingImageViewModel.swift */; };
/* End PBXBuildFile section */

/* Begin PBXFileReference section */
		2952FF512DF4ACB000DADF02 /* AlignmentGuidesBootcamp.swift */ = {isa = PBXFileReference; lastKnownFileType = sourcecode.swift; path = AlignmentGuidesBootcamp.swift; sourceTree = "<group>"; };
		29AB1C682DEB305600719708 /* AccessibilityColorsBootcamp.swift */ = {isa = PBXFileReference; lastKnownFileType = sourcecode.swift; path = AccessibilityColorsBootcamp.swift; sourceTree = "<group>"; };
		29AB1C6A2DEB3AA800719708 /* AccessibilityVoiceOverBootcamp.swift */ = {isa = PBXFileReference; lastKnownFileType = sourcecode.swift; path = AccessibilityVoiceOverBootcamp.swift; sourceTree = "<group>"; };
		29AF326C2DE210C6003CEE64 /* Preview Assets.xcassets */ = {isa = PBXFileReference; lastKnownFileType = folder.assetcatalog; path = "Preview Assets.xcassets"; sourceTree = "<group>"; };
		29AF326E2DE210C6003CEE64 /* badum.mp3 */ = {isa = PBXFileReference; lastKnownFileType = audio.mp3; path = badum.mp3; sourceTree = "<group>"; };
		29AF326F2DE210C6003CEE64 /* tada.mp3 */ = {isa = PBXFileReference; lastKnownFileType = audio.mp3; path = tada.mp3; sourceTree = "<group>"; };
		29AF32712DE210C6003CEE64 /* Assets.xcassets */ = {isa = PBXFileReference; lastKnownFileType = folder.assetcatalog; path = Assets.xcassets; sourceTree = "<group>"; };
		29AF32722DE210C6003CEE64 /* BackgroundThreadBootcamp.swift */ = {isa = PBXFileReference; lastKnownFileType = sourcecode.swift; path = BackgroundThreadBootcamp.swift; sourceTree = "<group>"; };
		29AF32732DE210C6003CEE64 /* CodableBootcamp.swift */ = {isa = PBXFileReference; lastKnownFileType = sourcecode.swift; path = CodableBootcamp.swift; sourceTree = "<group>"; };
		29AF32742DE210C6003CEE64 /* CombineDownload.swift */ = {isa = PBXFileReference; lastKnownFileType = sourcecode.swift; path = CombineDownload.swift; sourceTree = "<group>"; };
		29AF32752DE210C6003CEE64 /* ContentView.swift */ = {isa = PBXFileReference; lastKnownFileType = sourcecode.swift; path = ContentView.swift; sourceTree = "<group>"; };
		29AF32762DE210C6003CEE64 /* CoreDataBootcamp.swift */ = {isa = PBXFileReference; lastKnownFileType = sourcecode.swift; path = CoreDataBootcamp.swift; sourceTree = "<group>"; };
		29AF32782DE210C6003CEE64 /* CoreDataRelationshipsBootcamp.swift */ = {isa = PBXFileReference; lastKnownFileType = sourcecode.swift; path = CoreDataRelationshipsBootcamp.swift; sourceTree = "<group>"; };
		29AF32792DE210C6003CEE64 /* EscapingBootcamp.swift */ = {isa = PBXFileReference; lastKnownFileType = sourcecode.swift; path = EscapingBootcamp.swift; sourceTree = "<group>"; };
		29AF327A2DE210C6003CEE64 /* EscapingDownloadBootcamp.swift */ = {isa = PBXFileReference; lastKnownFileType = sourcecode.swift; path = EscapingDownloadBootcamp.swift; sourceTree = "<group>"; };
		29AF327B2DE210C6003CEE64 /* FileManagerBootcamp.swift */ = {isa = PBXFileReference; lastKnownFileType = sourcecode.swift; path = FileManagerBootcamp.swift; sourceTree = "<group>"; };
		29AF327D2DE210C6003CEE64 /* HapticsBootcamp.swift */ = {isa = PBXFileReference; lastKnownFileType = sourcecode.swift; path = HapticsBootcamp.swift; sourceTree = "<group>"; };
		29AF327E2DE210C6003CEE64 /* HashableBootcamp.swift */ = {isa = PBXFileReference; lastKnownFileType = sourcecode.swift; path = HashableBootcamp.swift; sourceTree = "<group>"; };
		29AF327F2DE210C6003CEE64 /* IntermediateSwiftUIBootcampApp.swift */ = {isa = PBXFileReference; lastKnownFileType = sourcecode.swift; path = IntermediateSwiftUIBootcampApp.swift; sourceTree = "<group>"; };
		29AF32802DE210C6003CEE64 /* LocalNotificationsBootcamp.swift */ = {isa = PBXFileReference; lastKnownFileType = sourcecode.swift; path = LocalNotificationsBootcamp.swift; sourceTree = "<group>"; };
		29AF32812DE210C6003CEE64 /* MapFilterSortBootcamp.swift */ = {isa = PBXFileReference; lastKnownFileType = sourcecode.swift; path = MapFilterSortBootcamp.swift; sourceTree = "<group>"; };
		29AF32822DE210C6003CEE64 /* NSCacheBootcamp.swift */ = {isa = PBXFileReference; lastKnownFileType = sourcecode.swift; path = NSCacheBootcamp.swift; sourceTree = "<group>"; };
		29AF32832DE210C6003CEE64 /* SoundsBootcamp.swift */ = {isa = PBXFileReference; lastKnownFileType = sourcecode.swift; path = SoundsBootcamp.swift; sourceTree = "<group>"; };
		29AF32842DE210C6003CEE64 /* TimerBootcamp.swift */ = {isa = PBXFileReference; lastKnownFileType = sourcecode.swift; path = TimerBootcamp.swift; sourceTree = "<group>"; };
		29AF32852DE210C6003CEE64 /* TimerFromVMSubscriberBootcamp.swift */ = {isa = PBXFileReference; lastKnownFileType = sourcecode.swift; path = TimerFromVMSubscriberBootcamp.swift; sourceTree = "<group>"; };
		29AF32862DE210C6003CEE64 /* TypealiasBootcamp.swift */ = {isa = PBXFileReference; lastKnownFileType = sourcecode.swift; path = TypealiasBootcamp.swift; sourceTree = "<group>"; };
		29AF32872DE210C6003CEE64 /* WeakSelfBootcamp.swift */ = {isa = PBXFileReference; lastKnownFileType = sourcecode.swift; path = WeakSelfBootcamp.swift; sourceTree = "<group>"; };
		29AF32892DE210C6003CEE64 /* CoreDataContainer.xcdatamodel */ = {isa = PBXFileReference; lastKnownFileType = wrapper.xcdatamodel; path = CoreDataContainer.xcdatamodel; sourceTree = "<group>"; };
		29AF328A2DE210C6003CEE64 /* FruitsContainer.xcdatamodel */ = {isa = PBXFileReference; lastKnownFileType = wrapper.xcdatamodel; path = FruitsContainer.xcdatamodel; sourceTree = "<group>"; };
		29AF32AA2DE2117E003CEE64 /* DownloadingImagesBootcamp.swift */ = {isa = PBXFileReference; lastKnownFileType = sourcecode.swift; path = DownloadingImagesBootcamp.swift; sourceTree = "<group>"; };
		29AF32AC2DE212B6003CEE64 /* ImageModel.swift */ = {isa = PBXFileReference; lastKnownFileType = sourcecode.swift; path = ImageModel.swift; sourceTree = "<group>"; };
		29AF32AE2DE21387003CEE64 /* DownloadingImagesViewModel.swift */ = {isa = PBXFileReference; lastKnownFileType = sourcecode.swift; path = DownloadingImagesViewModel.swift; sourceTree = "<group>"; };
		29AF32B02DE214BE003CEE64 /* ImageModelDataService.swift */ = {isa = PBXFileReference; lastKnownFileType = sourcecode.swift; path = ImageModelDataService.swift; sourceTree = "<group>"; };
		29D452A02DA568B500201337 /* IntermediateSwiftUIBootcamp.app */ = {isa = PBXFileReference; explicitFileType = wrapper.application; includeInIndex = 0; path = IntermediateSwiftUIBootcamp.app; sourceTree = BUILT_PRODUCTS_DIR; };
		29D5138B2DE5E2AB002C50B3 /* ImageModelCacheManager.swift */ = {isa = PBXFileReference; lastKnownFileType = sourcecode.swift; path = ImageModelCacheManager.swift; sourceTree = "<group>"; };
		29D5138D2DE5E623002C50B3 /* ImageModelFileManager.swift */ = {isa = PBXFileReference; lastKnownFileType = sourcecode.swift; path = ImageModelFileManager.swift; sourceTree = "<group>"; };
		29D513902DE6114E002C50B3 /* AccessibilityTextBootcamp.swift */ = {isa = PBXFileReference; lastKnownFileType = sourcecode.swift; path = AccessibilityTextBootcamp.swift; sourceTree = "<group>"; };
		29E55BCE2DE4C20A001C17BE /* DownloadingImagesRow.swift */ = {isa = PBXFileReference; lastKnownFileType = sourcecode.swift; path = DownloadingImagesRow.swift; sourceTree = "<group>"; };
		29E55BD02DE4C2F0001C17BE /* DownloadingImageView.swift */ = {isa = PBXFileReference; lastKnownFileType = sourcecode.swift; path = DownloadingImageView.swift; sourceTree = "<group>"; };
		29E55BD22DE4C40B001C17BE /* DownloadingImageViewModel.swift */ = {isa = PBXFileReference; lastKnownFileType = sourcecode.swift; path = DownloadingImageViewModel.swift; sourceTree = "<group>"; };
/* End PBXFileReference section */

/* Begin PBXFrameworksBuildPhase section */
		29D4529D2DA568B500201337 /* Frameworks */ = {
			isa = PBXFrameworksBuildPhase;
			buildActionMask = 2147483647;
			files = (
			);
			runOnlyForDeploymentPostprocessing = 0;
		};
/* End PBXFrameworksBuildPhase section */

/* Begin PBXGroup section */
		29AF326D2DE210C6003CEE64 /* Preview Content */ = {
			isa = PBXGroup;
			children = (
				29AF326C2DE210C6003CEE64 /* Preview Assets.xcassets */,
			);
			path = "Preview Content";
			sourceTree = "<group>";
		};
		29AF32702DE210C6003CEE64 /* sounds */ = {
			isa = PBXGroup;
			children = (
				29AF326E2DE210C6003CEE64 /* badum.mp3 */,
				29AF326F2DE210C6003CEE64 /* tada.mp3 */,
			);
			path = sounds;
			sourceTree = "<group>";
		};
		29AF32882DE210C6003CEE64 /* IntermediateSwiftUIBootcamp */ = {
			isa = PBXGroup;
			children = (
				29AF326D2DE210C6003CEE64 /* Preview Content */,
				29AF32702DE210C6003CEE64 /* sounds */,
				29AF32712DE210C6003CEE64 /* Assets.xcassets */,
				29AF32722DE210C6003CEE64 /* BackgroundThreadBootcamp.swift */,
				29AF32732DE210C6003CEE64 /* CodableBootcamp.swift */,
				29AF32742DE210C6003CEE64 /* CombineDownload.swift */,
				29AF32752DE210C6003CEE64 /* ContentView.swift */,
				29AF32762DE210C6003CEE64 /* CoreDataBootcamp.swift */,
				29AF32772DE210C6003CEE64 /* CoreDataContainer.xcdatamodeld */,
				29AF32782DE210C6003CEE64 /* CoreDataRelationshipsBootcamp.swift */,
				29D513902DE6114E002C50B3 /* AccessibilityTextBootcamp.swift */,
				29AF32792DE210C6003CEE64 /* EscapingBootcamp.swift */,
				29AF327A2DE210C6003CEE64 /* EscapingDownloadBootcamp.swift */,
				29AF327B2DE210C6003CEE64 /* FileManagerBootcamp.swift */,
				29AF327C2DE210C6003CEE64 /* FruitsContainer.xcdatamodeld */,
				29AF327D2DE210C6003CEE64 /* HapticsBootcamp.swift */,
				29AF327E2DE210C6003CEE64 /* HashableBootcamp.swift */,
				29AF327F2DE210C6003CEE64 /* IntermediateSwiftUIBootcampApp.swift */,
				29AB1C682DEB305600719708 /* AccessibilityColorsBootcamp.swift */,
				29AF32802DE210C6003CEE64 /* LocalNotificationsBootcamp.swift */,
				29AF32812DE210C6003CEE64 /* MapFilterSortBootcamp.swift */,
				2952FF512DF4ACB000DADF02 /* AlignmentGuidesBootcamp.swift */,
				29AB1C6A2DEB3AA800719708 /* AccessibilityVoiceOverBootcamp.swift */,
				29AF32822DE210C6003CEE64 /* NSCacheBootcamp.swift */,
				29AF32832DE210C6003CEE64 /* SoundsBootcamp.swift */,
				29AF32842DE210C6003CEE64 /* TimerBootcamp.swift */,
				29AF32852DE210C6003CEE64 /* TimerFromVMSubscriberBootcamp.swift */,
				29AF32862DE210C6003CEE64 /* TypealiasBootcamp.swift */,
				29AF32872DE210C6003CEE64 /* WeakSelfBootcamp.swift */,
			);
			path = IntermediateSwiftUIBootcamp;
			sourceTree = "<group>";
		};
		29AF32A52DE210CD003CEE64 /* DownloadingImages */ = {
			isa = PBXGroup;
			children = (
				29AF32A92DE21112003CEE64 /* Utilities */,
				29AF32A62DE210E6003CEE64 /* Models */,
				29AF32A72DE210F3003CEE64 /* Views */,
				29AF32A82DE210FB003CEE64 /* ViewModels */,
			);
			path = DownloadingImages;
			sourceTree = "<group>";
		};
		29AF32A62DE210E6003CEE64 /* Models */ = {
			isa = PBXGroup;
			children = (
				29AF32AC2DE212B6003CEE64 /* ImageModel.swift */,
			);
			path = Models;
			sourceTree = "<group>";
		};
		29AF32A72DE210F3003CEE64 /* Views */ = {
			isa = PBXGroup;
			children = (
				29AF32AA2DE2117E003CEE64 /* DownloadingImagesBootcamp.swift */,
				29E55BCE2DE4C20A001C17BE /* DownloadingImagesRow.swift */,
				29E55BD02DE4C2F0001C17BE /* DownloadingImageView.swift */,
			);
			path = Views;
			sourceTree = "<group>";
		};
		29AF32A82DE210FB003CEE64 /* ViewModels */ = {
			isa = PBXGroup;
			children = (
				29AF32AE2DE21387003CEE64 /* DownloadingImagesViewModel.swift */,
				29E55BD22DE4C40B001C17BE /* DownloadingImageViewModel.swift */,
			);
			path = ViewModels;
			sourceTree = "<group>";
		};
		29AF32A92DE21112003CEE64 /* Utilities */ = {
			isa = PBXGroup;
			children = (
				29AF32B02DE214BE003CEE64 /* ImageModelDataService.swift */,
				29D5138B2DE5E2AB002C50B3 /* ImageModelCacheManager.swift */,
				29D5138D2DE5E623002C50B3 /* ImageModelFileManager.swift */,
			);
			path = Utilities;
			sourceTree = "<group>";
		};
		29D452972DA568B400201337 = {
			isa = PBXGroup;
			children = (
				29AF32882DE210C6003CEE64 /* IntermediateSwiftUIBootcamp */,
				29D452A12DA568B500201337 /* Products */,
				29AF32A52DE210CD003CEE64 /* DownloadingImages */,
			);
			sourceTree = "<group>";
		};
		29D452A12DA568B500201337 /* Products */ = {
			isa = PBXGroup;
			children = (
				29D452A02DA568B500201337 /* IntermediateSwiftUIBootcamp.app */,
			);
			name = Products;
			sourceTree = "<group>";
		};
/* End PBXGroup section */

/* Begin PBXNativeTarget section */
		29D4529F2DA568B500201337 /* IntermediateSwiftUIBootcamp */ = {
			isa = PBXNativeTarget;
			buildConfigurationList = 29D452AE2DA568B600201337 /* Build configuration list for PBXNativeTarget "IntermediateSwiftUIBootcamp" */;
			buildPhases = (
				29D4529C2DA568B500201337 /* Sources */,
				29D4529D2DA568B500201337 /* Frameworks */,
				29D4529E2DA568B500201337 /* Resources */,
			);
			buildRules = (
			);
			dependencies = (
			);
			name = IntermediateSwiftUIBootcamp;
			packageProductDependencies = (
			);
			productName = IntermediateSwiftUIBootcamp;
			productReference = 29D452A02DA568B500201337 /* IntermediateSwiftUIBootcamp.app */;
			productType = "com.apple.product-type.application";
		};
/* End PBXNativeTarget section */

/* Begin PBXProject section */
		29D452982DA568B400201337 /* Project object */ = {
			isa = PBXProject;
			attributes = {
				BuildIndependentTargetsInParallel = 1;
				LastSwiftUpdateCheck = 1620;
				LastUpgradeCheck = 1620;
				TargetAttributes = {
					29D4529F2DA568B500201337 = {
						CreatedOnToolsVersion = 16.2;
					};
				};
			};
			buildConfigurationList = 29D4529B2DA568B400201337 /* Build configuration list for PBXProject "IntermediateSwiftUIBootcamp" */;
			developmentRegion = en;
			hasScannedForEncodings = 0;
			knownRegions = (
				en,
				Base,
			);
			mainGroup = 29D452972DA568B400201337;
			minimizedProjectReferenceProxies = 1;
			preferredProjectObjectVersion = 77;
			productRefGroup = 29D452A12DA568B500201337 /* Products */;
			projectDirPath = "";
			projectRoot = "";
			targets = (
				29D4529F2DA568B500201337 /* IntermediateSwiftUIBootcamp */,
			);
		};
/* End PBXProject section */

/* Begin PBXResourcesBuildPhase section */
		29D4529E2DA568B500201337 /* Resources */ = {
			isa = PBXResourcesBuildPhase;
			buildActionMask = 2147483647;
			files = (
				29AF328B2DE210C6003CEE64 /* Preview Assets.xcassets in Resources */,
				29AF328C2DE210C6003CEE64 /* badum.mp3 in Resources */,
				29AF328D2DE210C6003CEE64 /* tada.mp3 in Resources */,
				29AF328E2DE210C6003CEE64 /* Assets.xcassets in Resources */,
			);
			runOnlyForDeploymentPostprocessing = 0;
		};
/* End PBXResourcesBuildPhase section */

/* Begin PBXSourcesBuildPhase section */
		29D4529C2DA568B500201337 /* Sources */ = {
			isa = PBXSourcesBuildPhase;
			buildActionMask = 2147483647;
			files = (
				29D5138C2DE5E2AB002C50B3 /* ImageModelCacheManager.swift in Sources */,
				29AF328F2DE210C6003CEE64 /* TypealiasBootcamp.swift in Sources */,
				29E55BD12DE4C2F0001C17BE /* DownloadingImageView.swift in Sources */,
				29AF32902DE210C6003CEE64 /* WeakSelfBootcamp.swift in Sources */,
				29AF32912DE210C6003CEE64 /* SoundsBootcamp.swift in Sources */,
				29AF32922DE210C6003CEE64 /* CoreDataContainer.xcdatamodeld in Sources */,
				29AF32932DE210C6003CEE64 /* CoreDataBootcamp.swift in Sources */,
				29AF32B12DE214BE003CEE64 /* ImageModelDataService.swift in Sources */,
				29AF32942DE210C6003CEE64 /* NSCacheBootcamp.swift in Sources */,
				29AF32952DE210C6003CEE64 /* HapticsBootcamp.swift in Sources */,
				29AF32AD2DE212B6003CEE64 /* ImageModel.swift in Sources */,
				29AF32962DE210C6003CEE64 /* EscapingBootcamp.swift in Sources */,
				29E55BD32DE4C40B001C17BE /* DownloadingImageViewModel.swift in Sources */,
				29AF32972DE210C6003CEE64 /* ContentView.swift in Sources */,
				29AF32982DE210C6003CEE64 /* CombineDownload.swift in Sources */,
				29AF32992DE210C6003CEE64 /* FruitsContainer.xcdatamodeld in Sources */,
				29AF32AB2DE2117E003CEE64 /* DownloadingImagesBootcamp.swift in Sources */,
				29AF329A2DE210C6003CEE64 /* CoreDataRelationshipsBootcamp.swift in Sources */,
				29AF329B2DE210C6003CEE64 /* TimerBootcamp.swift in Sources */,
				29AF329C2DE210C6003CEE64 /* TimerFromVMSubscriberBootcamp.swift in Sources */,
				29AF329D2DE210C6003CEE64 /* FileManagerBootcamp.swift in Sources */,
				29D5138E2DE5E623002C50B3 /* ImageModelFileManager.swift in Sources */,
				29AB1C6B2DEB3AA800719708 /* AccessibilityVoiceOverBootcamp.swift in Sources */,
				29AF329E2DE210C6003CEE64 /* CodableBootcamp.swift in Sources */,
				29AF329F2DE210C6003CEE64 /* HashableBootcamp.swift in Sources */,
				29AF32A02DE210C6003CEE64 /* IntermediateSwiftUIBootcampApp.swift in Sources */,
				29AF32AF2DE21387003CEE64 /* DownloadingImagesViewModel.swift in Sources */,
				29AF32A12DE210C6003CEE64 /* LocalNotificationsBootcamp.swift in Sources */,
				29AB1C692DEB305600719708 /* AccessibilityColorsBootcamp.swift in Sources */,
				2952FF522DF4ACB000DADF02 /* AlignmentGuidesBootcamp.swift in Sources */,
				29E55BCF2DE4C20A001C17BE /* DownloadingImagesRow.swift in Sources */,
				29D513912DE6114E002C50B3 /* AccessibilityTextBootcamp.swift in Sources */,
				29AF32A22DE210C6003CEE64 /* BackgroundThreadBootcamp.swift in Sources */,
				29AF32A32DE210C6003CEE64 /* EscapingDownloadBootcamp.swift in Sources */,
				29AF32A42DE210C6003CEE64 /* MapFilterSortBootcamp.swift in Sources */,
			);
			runOnlyForDeploymentPostprocessing = 0;
		};
/* End PBXSourcesBuildPhase section */

/* Begin XCBuildConfiguration section */
		29D452AC2DA568B600201337 /* Debug */ = {
			isa = XCBuildConfiguration;
			buildSettings = {
				ALWAYS_SEARCH_USER_PATHS = NO;
				ASSETCATALOG_COMPILER_GENERATE_SWIFT_ASSET_SYMBOL_EXTENSIONS = YES;
				CLANG_ANALYZER_NONNULL = YES;
				CLANG_ANALYZER_NUMBER_OBJECT_CONVERSION = YES_AGGRESSIVE;
				CLANG_CXX_LANGUAGE_STANDARD = "gnu++20";
				CLANG_ENABLE_MODULES = YES;
				CLANG_ENABLE_OBJC_ARC = YES;
				CLANG_ENABLE_OBJC_WEAK = YES;
				CLANG_WARN_BLOCK_CAPTURE_AUTORELEASING = YES;
				CLANG_WARN_BOOL_CONVERSION = YES;
				CLANG_WARN_COMMA = YES;
				CLANG_WARN_CONSTANT_CONVERSION = YES;
				CLANG_WARN_DEPRECATED_OBJC_IMPLEMENTATIONS = YES;
				CLANG_WARN_DIRECT_OBJC_ISA_USAGE = YES_ERROR;
				CLANG_WARN_DOCUMENTATION_COMMENTS = YES;
				CLANG_WARN_EMPTY_BODY = YES;
				CLANG_WARN_ENUM_CONVERSION = YES;
				CLANG_WARN_INFINITE_RECURSION = YES;
				CLANG_WARN_INT_CONVERSION = YES;
				CLANG_WARN_NON_LITERAL_NULL_CONVERSION = YES;
				CLANG_WARN_OBJC_IMPLICIT_RETAIN_SELF = YES;
				CLANG_WARN_OBJC_LITERAL_CONVERSION = YES;
				CLANG_WARN_OBJC_ROOT_CLASS = YES_ERROR;
				CLANG_WARN_QUOTED_INCLUDE_IN_FRAMEWORK_HEADER = YES;
				CLANG_WARN_RANGE_LOOP_ANALYSIS = YES;
				CLANG_WARN_STRICT_PROTOTYPES = YES;
				CLANG_WARN_SUSPICIOUS_MOVE = YES;
				CLANG_WARN_UNGUARDED_AVAILABILITY = YES_AGGRESSIVE;
				CLANG_WARN_UNREACHABLE_CODE = YES;
				CLANG_WARN__DUPLICATE_METHOD_MATCH = YES;
				COPY_PHASE_STRIP = NO;
				DEBUG_INFORMATION_FORMAT = dwarf;
				ENABLE_STRICT_OBJC_MSGSEND = YES;
				ENABLE_TESTABILITY = YES;
				ENABLE_USER_SCRIPT_SANDBOXING = YES;
				GCC_C_LANGUAGE_STANDARD = gnu17;
				GCC_DYNAMIC_NO_PIC = NO;
				GCC_NO_COMMON_BLOCKS = YES;
				GCC_OPTIMIZATION_LEVEL = 0;
				GCC_PREPROCESSOR_DEFINITIONS = (
					"DEBUG=1",
					"$(inherited)",
				);
				GCC_WARN_64_TO_32_BIT_CONVERSION = YES;
				GCC_WARN_ABOUT_RETURN_TYPE = YES_ERROR;
				GCC_WARN_UNDECLARED_SELECTOR = YES;
				GCC_WARN_UNINITIALIZED_AUTOS = YES_AGGRESSIVE;
				GCC_WARN_UNUSED_FUNCTION = YES;
				GCC_WARN_UNUSED_VARIABLE = YES;
				IPHONEOS_DEPLOYMENT_TARGET = 18.2;
				LOCALIZATION_PREFERS_STRING_CATALOGS = YES;
				MTL_ENABLE_DEBUG_INFO = INCLUDE_SOURCE;
				MTL_FAST_MATH = YES;
				ONLY_ACTIVE_ARCH = YES;
				SDKROOT = iphoneos;
				SWIFT_ACTIVE_COMPILATION_CONDITIONS = "DEBUG $(inherited)";
				SWIFT_OPTIMIZATION_LEVEL = "-Onone";
			};
			name = Debug;
		};
		29D452AD2DA568B600201337 /* Release */ = {
			isa = XCBuildConfiguration;
			buildSettings = {
				ALWAYS_SEARCH_USER_PATHS = NO;
				ASSETCATALOG_COMPILER_GENERATE_SWIFT_ASSET_SYMBOL_EXTENSIONS = YES;
				CLANG_ANALYZER_NONNULL = YES;
				CLANG_ANALYZER_NUMBER_OBJECT_CONVERSION = YES_AGGRESSIVE;
				CLANG_CXX_LANGUAGE_STANDARD = "gnu++20";
				CLANG_ENABLE_MODULES = YES;
				CLANG_ENABLE_OBJC_ARC = YES;
				CLANG_ENABLE_OBJC_WEAK = YES;
				CLANG_WARN_BLOCK_CAPTURE_AUTORELEASING = YES;
				CLANG_WARN_BOOL_CONVERSION = YES;
				CLANG_WARN_COMMA = YES;
				CLANG_WARN_CONSTANT_CONVERSION = YES;
				CLANG_WARN_DEPRECATED_OBJC_IMPLEMENTATIONS = YES;
				CLANG_WARN_DIRECT_OBJC_ISA_USAGE = YES_ERROR;
				CLANG_WARN_DOCUMENTATION_COMMENTS = YES;
				CLANG_WARN_EMPTY_BODY = YES;
				CLANG_WARN_ENUM_CONVERSION = YES;
				CLANG_WARN_INFINITE_RECURSION = YES;
				CLANG_WARN_INT_CONVERSION = YES;
				CLANG_WARN_NON_LITERAL_NULL_CONVERSION = YES;
				CLANG_WARN_OBJC_IMPLICIT_RETAIN_SELF = YES;
				CLANG_WARN_OBJC_LITERAL_CONVERSION = YES;
				CLANG_WARN_OBJC_ROOT_CLASS = YES_ERROR;
				CLANG_WARN_QUOTED_INCLUDE_IN_FRAMEWORK_HEADER = YES;
				CLANG_WARN_RANGE_LOOP_ANALYSIS = YES;
				CLANG_WARN_STRICT_PROTOTYPES = YES;
				CLANG_WARN_SUSPICIOUS_MOVE = YES;
				CLANG_WARN_UNGUARDED_AVAILABILITY = YES_AGGRESSIVE;
				CLANG_WARN_UNREACHABLE_CODE = YES;
				CLANG_WARN__DUPLICATE_METHOD_MATCH = YES;
				COPY_PHASE_STRIP = NO;
				DEBUG_INFORMATION_FORMAT = "dwarf-with-dsym";
				ENABLE_NS_ASSERTIONS = NO;
				ENABLE_STRICT_OBJC_MSGSEND = YES;
				ENABLE_USER_SCRIPT_SANDBOXING = YES;
				GCC_C_LANGUAGE_STANDARD = gnu17;
				GCC_NO_COMMON_BLOCKS = YES;
				GCC_WARN_64_TO_32_BIT_CONVERSION = YES;
				GCC_WARN_ABOUT_RETURN_TYPE = YES_ERROR;
				GCC_WARN_UNDECLARED_SELECTOR = YES;
				GCC_WARN_UNINITIALIZED_AUTOS = YES_AGGRESSIVE;
				GCC_WARN_UNUSED_FUNCTION = YES;
				GCC_WARN_UNUSED_VARIABLE = YES;
				IPHONEOS_DEPLOYMENT_TARGET = 18.2;
				LOCALIZATION_PREFERS_STRING_CATALOGS = YES;
				MTL_ENABLE_DEBUG_INFO = NO;
				MTL_FAST_MATH = YES;
				SDKROOT = iphoneos;
				SWIFT_COMPILATION_MODE = wholemodule;
				VALIDATE_PRODUCT = YES;
			};
			name = Release;
		};
		29D452AF2DA568B600201337 /* Debug */ = {
			isa = XCBuildConfiguration;
			buildSettings = {
				ASSETCATALOG_COMPILER_APPICON_NAME = AppIcon;
				ASSETCATALOG_COMPILER_GLOBAL_ACCENT_COLOR_NAME = AccentColor;
				CODE_SIGN_STYLE = Automatic;
				CURRENT_PROJECT_VERSION = 1;
				DEVELOPMENT_ASSET_PATHS = "\"IntermediateSwiftUIBootcamp/Preview Content\"";
				DEVELOPMENT_TEAM = Z6Q4UMN2XP;
				ENABLE_PREVIEWS = YES;
				GENERATE_INFOPLIST_FILE = YES;
				INFOPLIST_KEY_UIApplicationSceneManifest_Generation = YES;
				INFOPLIST_KEY_UIApplicationSupportsIndirectInputEvents = YES;
				INFOPLIST_KEY_UILaunchScreen_Generation = YES;
				INFOPLIST_KEY_UISupportedInterfaceOrientations_iPad = "UIInterfaceOrientationPortrait UIInterfaceOrientationPortraitUpsideDown UIInterfaceOrientationLandscapeLeft UIInterfaceOrientationLandscapeRight";
				INFOPLIST_KEY_UISupportedInterfaceOrientations_iPhone = "UIInterfaceOrientationPortrait UIInterfaceOrientationLandscapeLeft UIInterfaceOrientationLandscapeRight";
				LD_RUNPATH_SEARCH_PATHS = (
					"$(inherited)",
					"@executable_path/Frameworks",
				);
				MARKETING_VERSION = 1.0;
				PRODUCT_BUNDLE_IDENTIFIER = com.alenakellnerova.IntermediateSwiftUIBootcamp;
				PRODUCT_NAME = "$(TARGET_NAME)";
				SWIFT_EMIT_LOC_STRINGS = YES;
				SWIFT_VERSION = 5.0;
				TARGETED_DEVICE_FAMILY = "1,2";
			};
			name = Debug;
		};
		29D452B02DA568B600201337 /* Release */ = {
			isa = XCBuildConfiguration;
			buildSettings = {
				ASSETCATALOG_COMPILER_APPICON_NAME = AppIcon;
				ASSETCATALOG_COMPILER_GLOBAL_ACCENT_COLOR_NAME = AccentColor;
				CODE_SIGN_STYLE = Automatic;
				CURRENT_PROJECT_VERSION = 1;
				DEVELOPMENT_ASSET_PATHS = "\"IntermediateSwiftUIBootcamp/Preview Content\"";
				DEVELOPMENT_TEAM = Z6Q4UMN2XP;
				ENABLE_PREVIEWS = YES;
				GENERATE_INFOPLIST_FILE = YES;
				INFOPLIST_KEY_UIApplicationSceneManifest_Generation = YES;
				INFOPLIST_KEY_UIApplicationSupportsIndirectInputEvents = YES;
				INFOPLIST_KEY_UILaunchScreen_Generation = YES;
				INFOPLIST_KEY_UISupportedInterfaceOrientations_iPad = "UIInterfaceOrientationPortrait UIInterfaceOrientationPortraitUpsideDown UIInterfaceOrientationLandscapeLeft UIInterfaceOrientationLandscapeRight";
				INFOPLIST_KEY_UISupportedInterfaceOrientations_iPhone = "UIInterfaceOrientationPortrait UIInterfaceOrientationLandscapeLeft UIInterfaceOrientationLandscapeRight";
				LD_RUNPATH_SEARCH_PATHS = (
					"$(inherited)",
					"@executable_path/Frameworks",
				);
				MARKETING_VERSION = 1.0;
				PRODUCT_BUNDLE_IDENTIFIER = com.alenakellnerova.IntermediateSwiftUIBootcamp;
				PRODUCT_NAME = "$(TARGET_NAME)";
				SWIFT_EMIT_LOC_STRINGS = YES;
				SWIFT_VERSION = 5.0;
				TARGETED_DEVICE_FAMILY = "1,2";
			};
			name = Release;
		};
/* End XCBuildConfiguration section */

/* Begin XCConfigurationList section */
		29D4529B2DA568B400201337 /* Build configuration list for PBXProject "IntermediateSwiftUIBootcamp" */ = {
			isa = XCConfigurationList;
			buildConfigurations = (
				29D452AC2DA568B600201337 /* Debug */,
				29D452AD2DA568B600201337 /* Release */,
			);
			defaultConfigurationIsVisible = 0;
			defaultConfigurationName = Release;
		};
		29D452AE2DA568B600201337 /* Build configuration list for PBXNativeTarget "IntermediateSwiftUIBootcamp" */ = {
			isa = XCConfigurationList;
			buildConfigurations = (
				29D452AF2DA568B600201337 /* Debug */,
				29D452B02DA568B600201337 /* Release */,
			);
			defaultConfigurationIsVisible = 0;
			defaultConfigurationName = Release;
		};
/* End XCConfigurationList section */

/* Begin XCVersionGroup section */
		29AF32772DE210C6003CEE64 /* CoreDataContainer.xcdatamodeld */ = {
			isa = XCVersionGroup;
			children = (
				29AF32892DE210C6003CEE64 /* CoreDataContainer.xcdatamodel */,
			);
			currentVersion = 29AF32892DE210C6003CEE64 /* CoreDataContainer.xcdatamodel */;
			path = CoreDataContainer.xcdatamodeld;
			sourceTree = "<group>";
			versionGroupType = wrapper.xcdatamodel;
		};
		29AF327C2DE210C6003CEE64 /* FruitsContainer.xcdatamodeld */ = {
			isa = XCVersionGroup;
			children = (
				29AF328A2DE210C6003CEE64 /* FruitsContainer.xcdatamodel */,
			);
			currentVersion = 29AF328A2DE210C6003CEE64 /* FruitsContainer.xcdatamodel */;
			path = FruitsContainer.xcdatamodeld;
			sourceTree = "<group>";
			versionGroupType = wrapper.xcdatamodel;
		};
/* End XCVersionGroup section */
	};
	rootObject = 29D452982DA568B400201337 /* Project object */;
}
